
Microsoft Visual Studio Solution File, Format Version 12.00
# Visual Studio Version 16
VisualStudioVersion = 16.0.31410.357
MinimumVisualStudioVersion = 10.0.40219.1
Project("{FAE04EC0-301F-11D3-BF4B-00C04F79EFBC}") = "SSSpy", "SSSpy\SSSpy.csproj", "{E53D7FF5-A7B0-470A-ACFA-6593C8948120}"
EndProject
Project("{54435603-DBB4-11D2-8724-00A0C9A8B90C}") = "SSSpy.Setup", "SSSpy.Setup\SSSpy.Setup.vdproj", "{7DFF28AE-B6AC-459B-96D8-791497A0D89C}"
EndProject
Global
	GlobalSection(SolutionConfigurationPlatforms) = preSolution
		Debug|Any CPU = Debug|Any CPU
		Release|Any CPU = Release|Any CPU
	EndGlobalSection
	GlobalSection(ProjectConfigurationPlatforms) = postSolution
		{E53D7FF5-A7B0-470A-ACFA-6593C8948120}.Debug|Any CPU.ActiveCfg = Debug|Any CPU
		{E53D7FF5-A7B0-470A-ACFA-6593C8948120}.Debug|Any CPU.Build.0 = Debug|Any CPU
		{E53D7FF5-A7B0-470A-ACFA-6593C8948120}.Release|Any CPU.ActiveCfg = Release|Any CPU
		{E53D7FF5-A7B0-470A-ACFA-6593C8948120}.Release|Any CPU.Build.0 = Release|Any CPU
		{7DFF28AE-B6AC-459B-96D8-791497A0D89C}.Debug|Any CPU.ActiveCfg = Debug
		{7DFF28AE-B6AC-459B-96D8-791497A0D89C}.Release|Any CPU.ActiveCfg = Release
	EndGlobalSection
	GlobalSection(SolutionProperties) = preSolution
		HideSolutionNode = FALSE
	EndGlobalSection
	GlobalSection(ExtensibilityGlobals) = postSolution
		SolutionGuid = {A29E81E5-3C20-4647-A4F8-571E39A2B25E}
	EndGlobalSection
EndGlobal
